// !$*UTF8*$!
{
	archiveVersion = 1;
	classes = {
	};
	objectVersion = 50;
	objects = {

/* Begin PBXBuildFile section */
		26CD390724C6CCA400525308 /* AppDelegate.m in Sources */ = {isa = PBXBuildFile; fileRef = 26CD390624C6CCA400525308 /* AppDelegate.m */; };
		26CD390A24C6CCA400525308 /* SceneDelegate.m in Sources */ = {isa = PBXBuildFile; fileRef = 26CD390924C6CCA400525308 /* SceneDelegate.m */; };
		26CD390D24C6CCA400525308 /* ViewController.m in Sources */ = {isa = PBXBuildFile; fileRef = 26CD390C24C6CCA400525308 /* ViewController.m */; };
		26CD391024C6CCA400525308 /* Main.storyboard in Resources */ = {isa = PBXBuildFile; fileRef = 26CD390E24C6CCA400525308 /* Main.storyboard */; };
		26CD391224C6CCA700525308 /* Assets.xcassets in Resources */ = {isa = PBXBuildFile; fileRef = 26CD391124C6CCA700525308 /* Assets.xcassets */; };
		26CD391524C6CCA700525308 /* LaunchScreen.storyboard in Resources */ = {isa = PBXBuildFile; fileRef = 26CD391324C6CCA700525308 /* LaunchScreen.storyboard */; };
		26CD391824C6CCA700525308 /* main.m in Sources */ = {isa = PBXBuildFile; fileRef = 26CD391724C6CCA700525308 /* main.m */; };
		B871DB09255FFCCF8ED68C5E /* Pods_MLText.framework in Frameworks */ = {isa = PBXBuildFile; fileRef = 3300EFAB2E37C56551CFB0D1 /* Pods_MLText.framework */; };
/* End PBXBuildFile section */

/* Begin PBXFileReference section */
		26CD390224C6CCA400525308 /* MLText.app */ = {isa = PBXFileReference; explicitFileType = wrapper.application; includeInIndex = 0; path = MLText.app; sourceTree = BUILT_PRODUCTS_DIR; };
		26CD390524C6CCA400525308 /* AppDelegate.h */ = {isa = PBXFileReference; lastKnownFileType = sourcecode.c.h; path = AppDelegate.h; sourceTree = "<group>"; };
		26CD390624C6CCA400525308 /* AppDelegate.m */ = {isa = PBXFileReference; lastKnownFileType = sourcecode.c.objc; path = AppDelegate.m; sourceTree = "<group>"; };
		26CD390824C6CCA400525308 /* SceneDelegate.h */ = {isa = PBXFileReference; lastKnownFileType = sourcecode.c.h; path = SceneDelegate.h; sourceTree = "<group>"; };
		26CD390924C6CCA400525308 /* SceneDelegate.m */ = {isa = PBXFileReference; lastKnownFileType = sourcecode.c.objc; path = SceneDelegate.m; sourceTree = "<group>"; };
		26CD390B24C6CCA400525308 /* ViewController.h */ = {isa = PBXFileReference; lastKnownFileType = sourcecode.c.h; path = ViewController.h; sourceTree = "<group>"; };
		26CD390C24C6CCA400525308 /* ViewController.m */ = {isa = PBXFileReference; lastKnownFileType = sourcecode.c.objc; path = ViewController.m; sourceTree = "<group>"; };
		26CD390F24C6CCA400525308 /* Base */ = {isa = PBXFileReference; lastKnownFileType = file.storyboard; name = Base; path = Base.lproj/Main.storyboard; sourceTree = "<group>"; };
		26CD391124C6CCA700525308 /* Assets.xcassets */ = {isa = PBXFileReference; lastKnownFileType = folder.assetcatalog; path = Assets.xcassets; sourceTree = "<group>"; };
		26CD391424C6CCA700525308 /* Base */ = {isa = PBXFileReference; lastKnownFileType = file.storyboard; name = Base; path = Base.lproj/LaunchScreen.storyboard; sourceTree = "<group>"; };
		26CD391624C6CCA700525308 /* Info.plist */ = {isa = PBXFileReference; lastKnownFileType = text.plist.xml; path = Info.plist; sourceTree = "<group>"; };
		26CD391724C6CCA700525308 /* main.m */ = {isa = PBXFileReference; lastKnownFileType = sourcecode.c.objc; path = main.m; sourceTree = "<group>"; };
		3300EFAB2E37C56551CFB0D1 /* Pods_MLText.framework */ = {isa = PBXFileReference; explicitFileType = wrapper.framework; includeInIndex = 0; path = Pods_MLText.framework; sourceTree = BUILT_PRODUCTS_DIR; };
		66AB92FE89D3820055599D5E /* Pods-MLText.debug.xcconfig */ = {isa = PBXFileReference; includeInIndex = 1; lastKnownFileType = text.xcconfig; name = "Pods-MLText.debug.xcconfig"; path = "Target Support Files/Pods-MLText/Pods-MLText.debug.xcconfig"; sourceTree = "<group>"; };
		897E70BDC95EE00E83A1BBF8 /* Pods-MLText.release.xcconfig */ = {isa = PBXFileReference; includeInIndex = 1; lastKnownFileType = text.xcconfig; name = "Pods-MLText.release.xcconfig"; path = "Target Support Files/Pods-MLText/Pods-MLText.release.xcconfig"; sourceTree = "<group>"; };
/* End PBXFileReference section */

/* Begin PBXFrameworksBuildPhase section */
		26CD38FF24C6CCA400525308 /* Frameworks */ = {
			isa = PBXFrameworksBuildPhase;
			buildActionMask = 2147483647;
			files = (
				B871DB09255FFCCF8ED68C5E /* Pods_MLText.framework in Frameworks */,
			);
			runOnlyForDeploymentPostprocessing = 0;
		};
/* End PBXFrameworksBuildPhase section */

/* Begin PBXGroup section */
		26CD38F924C6CCA400525308 = {
			isa = PBXGroup;
			children = (
				26CD390424C6CCA400525308 /* MLText */,
				26CD390324C6CCA400525308 /* Products */,
				ABF7959CF77B57233B0F46C9 /* Pods */,
				76D4900F4414BF7E79329065 /* Frameworks */,
			);
			sourceTree = "<group>";
		};
		26CD390324C6CCA400525308 /* Products */ = {
			isa = PBXGroup;
			children = (
				26CD390224C6CCA400525308 /* MLText.app */,
			);
			name = Products;
			sourceTree = "<group>";
		};
		26CD390424C6CCA400525308 /* MLText */ = {
			isa = PBXGroup;
			children = (
				26CD390524C6CCA400525308 /* AppDelegate.h */,
				26CD390624C6CCA400525308 /* AppDelegate.m */,
				26CD390824C6CCA400525308 /* SceneDelegate.h */,
				26CD390924C6CCA400525308 /* SceneDelegate.m */,
				26CD390B24C6CCA400525308 /* ViewController.h */,
				26CD390C24C6CCA400525308 /* ViewController.m */,
				26CD390E24C6CCA400525308 /* Main.storyboard */,
				26CD391124C6CCA700525308 /* Assets.xcassets */,
				26CD391324C6CCA700525308 /* LaunchScreen.storyboard */,
				26CD391624C6CCA700525308 /* Info.plist */,
				26CD391724C6CCA700525308 /* main.m */,
			);
			path = MLText;
			sourceTree = "<group>";
		};
		76D4900F4414BF7E79329065 /* Frameworks */ = {
			isa = PBXGroup;
			children = (
				3300EFAB2E37C56551CFB0D1 /* Pods_MLText.framework */,
			);
			name = Frameworks;
			sourceTree = "<group>";
		};
		ABF7959CF77B57233B0F46C9 /* Pods */ = {
			isa = PBXGroup;
			children = (
				66AB92FE89D3820055599D5E /* Pods-MLText.debug.xcconfig */,
				897E70BDC95EE00E83A1BBF8 /* Pods-MLText.release.xcconfig */,
			);
			name = Pods;
			path = Pods;
			sourceTree = "<group>";
		};
/* End PBXGroup section */

/* Begin PBXNativeTarget section */
		26CD390124C6CCA400525308 /* MLText */ = {
			isa = PBXNativeTarget;
			buildConfigurationList = 26CD391B24C6CCA700525308 /* Build configuration list for PBXNativeTarget "MLText" */;
			buildPhases = (
				A69191FFB0AA7B991F28B709 /* [CP] Check Pods Manifest.lock */,
				26CD38FE24C6CCA400525308 /* Sources */,
				26CD38FF24C6CCA400525308 /* Frameworks */,
				26CD390024C6CCA400525308 /* Resources */,
				12A0DBC47B8A5D0960BF3C0C /* [CP] Embed Pods Frameworks */,
			);
			buildRules = (
			);
			dependencies = (
			);
			name = MLText;
			productName = MLText;
			productReference = 26CD390224C6CCA400525308 /* MLText.app */;
			productType = "com.apple.product-type.application";
		};
/* End PBXNativeTarget section */

/* Begin PBXProject section */
		26CD38FA24C6CCA400525308 /* Project object */ = {
			isa = PBXProject;
			attributes = {
				LastUpgradeCheck = 1130;
				ORGANIZATIONNAME = Milo;
				TargetAttributes = {
					26CD390124C6CCA400525308 = {
						CreatedOnToolsVersion = 11.3.1;
					};
				};
			};
			buildConfigurationList = 26CD38FD24C6CCA400525308 /* Build configuration list for PBXProject "MLText" */;
			compatibilityVersion = "Xcode 9.3";
			developmentRegion = en;
			hasScannedForEncodings = 0;
			knownRegions = (
				en,
				Base,
			);
			mainGroup = 26CD38F924C6CCA400525308;
			productRefGroup = 26CD390324C6CCA400525308 /* Products */;
			projectDirPath = "";
			projectRoot = "";
			targets = (
				26CD390124C6CCA400525308 /* MLText */,
			);
		};
/* End PBXProject section */

/* Begin PBXResourcesBuildPhase section */
		26CD390024C6CCA400525308 /* Resources */ = {
			isa = PBXResourcesBuildPhase;
			buildActionMask = 2147483647;
			files = (
				26CD391524C6CCA700525308 /* LaunchScreen.storyboard in Resources */,
				26CD391224C6CCA700525308 /* Assets.xcassets in Resources */,
				26CD391024C6CCA400525308 /* Main.storyboard in Resources */,
			);
			runOnlyForDeploymentPostprocessing = 0;
		};
/* End PBXResourcesBuildPhase section */

/* Begin PBXShellScriptBuildPhase section */
		12A0DBC47B8A5D0960BF3C0C /* [CP] Embed Pods Frameworks */ = {
			isa = PBXShellScriptBuildPhase;
			buildActionMask = 2147483647;
			files = (
			);
			inputFileListPaths = (
				"${PODS_ROOT}/Target Support Files/Pods-MLText/Pods-MLText-frameworks-${CONFIGURATION}-input-files.xcfilelist",
			);
			name = "[CP] Embed Pods Frameworks";
			outputFileListPaths = (
				"${PODS_ROOT}/Target Support Files/Pods-MLText/Pods-MLText-frameworks-${CONFIGURATION}-output-files.xcfilelist",
			);
			runOnlyForDeploymentPostprocessing = 0;
			shellPath = /bin/sh;
			shellScript = "\"${PODS_ROOT}/Target Support Files/Pods-MLText/Pods-MLText-frameworks.sh\"\n";
			showEnvVarsInLog = 0;
		};
		A69191FFB0AA7B991F28B709 /* [CP] Check Pods Manifest.lock */ = {
			isa = PBXShellScriptBuildPhase;
			buildActionMask = 2147483647;
			files = (
			);
			inputFileListPaths = (
			);
			inputPaths = (
				"${PODS_PODFILE_DIR_PATH}/Podfile.lock",
				"${PODS_ROOT}/Manifest.lock",
			);
			name = "[CP] Check Pods Manifest.lock";
			outputFileListPaths = (
			);
			outputPaths = (
				"$(DERIVED_FILE_DIR)/Pods-MLText-checkManifestLockResult.txt",
			);
			runOnlyForDeploymentPostprocessing = 0;
			shellPath = /bin/sh;
			shellScript = "diff \"${PODS_PODFILE_DIR_PATH}/Podfile.lock\" \"${PODS_ROOT}/Manifest.lock\" > /dev/null\nif [ $? != 0 ] ; then\n    # print error to STDERR\n    echo \"error: The sandbox is not in sync with the Podfile.lock. Run 'pod install' or update your CocoaPods installation.\" >&2\n    exit 1\nfi\n# This output is used by Xcode 'outputs' to avoid re-running this script phase.\necho \"SUCCESS\" > \"${SCRIPT_OUTPUT_FILE_0}\"\n";
			showEnvVarsInLog = 0;
		};
/* End PBXShellScriptBuildPhase section */

/* Begin PBXSourcesBuildPhase section */
		26CD38FE24C6CCA400525308 /* Sources */ = {
			isa = PBXSourcesBuildPhase;
			buildActionMask = 2147483647;
			files = (
				26CD390D24C6CCA400525308 /* ViewController.m in Sources */,
				26CD390724C6CCA400525308 /* AppDelegate.m in Sources */,
				26CD391824C6CCA700525308 /* main.m in Sources */,
				26CD390A24C6CCA400525308 /* SceneDelegate.m in Sources */,
			);
			runOnlyForDeploymentPostprocessing = 0;
		};
/* End PBXSourcesBuildPhase section */

/* Begin PBXVariantGroup section */
		26CD390E24C6CCA400525308 /* Main.storyboard */ = {
			isa = PBXVariantGroup;
			children = (
				26CD390F24C6CCA400525308 /* Base */,
			);
			name = Main.storyboard;
			sourceTree = "<group>";
		};
		26CD391324C6CCA700525308 /* LaunchScreen.storyboard */ = {
			isa = PBXVariantGroup;
			children = (
				26CD391424C6CCA700525308 /* Base */,
			);
			name = LaunchScreen.storyboard;
			sourceTree = "<group>";
		};
/* End PBXVariantGroup section */

/* Begin XCBuildConfiguration section */
		26CD391924C6CCA700525308 /* Debug */ = {
			isa = XCBuildConfiguration;
			buildSettings = {
				ALWAYS_SEARCH_USER_PATHS = NO;
				CLANG_ANALYZER_NONNULL = YES;
				CLANG_ANALYZER_NUMBER_OBJECT_CONVERSION = YES_AGGRESSIVE;
				CLANG_CXX_LANGUAGE_STANDARD = "gnu++14";
				CLANG_CXX_LIBRARY = "libc++";
				CLANG_ENABLE_MODULES = YES;
				CLANG_ENABLE_OBJC_ARC = YES;
				CLANG_ENABLE_OBJC_WEAK = YES;
				CLANG_WARN_BLOCK_CAPTURE_AUTORELEASING = YES;
				CLANG_WARN_BOOL_CONVERSION = YES;
				CLANG_WARN_COMMA = YES;
				CLANG_WARN_CONSTANT_CONVERSION = YES;
				CLANG_WARN_DEPRECATED_OBJC_IMPLEMENTATIONS = YES;
				CLANG_WARN_DIRECT_OBJC_ISA_USAGE = YES_ERROR;
				CLANG_WARN_DOCUMENTATION_COMMENTS = YES;
				CLANG_WARN_EMPTY_BODY = YES;
				CLANG_WARN_ENUM_CONVERSION = YES;
				CLANG_WARN_INFINITE_RECURSION = YES;
				CLANG_WARN_INT_CONVERSION = YES;
				CLANG_WARN_NON_LITERAL_NULL_CONVERSION = YES;
				CLANG_WARN_OBJC_IMPLICIT_RETAIN_SELF = YES;
				CLANG_WARN_OBJC_LITERAL_CONVERSION = YES;
				CLANG_WARN_OBJC_ROOT_CLASS = YES_ERROR;
				CLANG_WARN_RANGE_LOOP_ANALYSIS = YES;
				CLANG_WARN_STRICT_PROTOTYPES = YES;
				CLANG_WARN_SUSPICIOUS_MOVE = YES;
				CLANG_WARN_UNGUARDED_AVAILABILITY = YES_AGGRESSIVE;
				CLANG_WARN_UNREACHABLE_CODE = YES;
				CLANG_WARN__DUPLICATE_METHOD_MATCH = YES;
				COPY_PHASE_STRIP = NO;
				DEBUG_INFORMATION_FORMAT = dwarf;
				ENABLE_STRICT_OBJC_MSGSEND = YES;
				ENABLE_TESTABILITY = YES;
				GCC_C_LANGUAGE_STANDARD = gnu11;
				GCC_DYNAMIC_NO_PIC = NO;
				GCC_NO_COMMON_BLOCKS = YES;
				GCC_OPTIMIZATION_LEVEL = 0;
				GCC_PREPROCESSOR_DEFINITIONS = (
					"DEBUG=1",
					"$(inherited)",
				);
				GCC_WARN_64_TO_32_BIT_CONVERSION = YES;
				GCC_WARN_ABOUT_RETURN_TYPE = YES_ERROR;
				GCC_WARN_UNDECLARED_SELECTOR = YES;
				GCC_WARN_UNINITIALIZED_AUTOS = YES_AGGRESSIVE;
				GCC_WARN_UNUSED_FUNCTION = YES;
				GCC_WARN_UNUSED_VARIABLE = YES;
				IPHONEOS_DEPLOYMENT_TARGET = 13.2;
				MTL_ENABLE_DEBUG_INFO = INCLUDE_SOURCE;
				MTL_FAST_MATH = YES;
				ONLY_ACTIVE_ARCH = YES;
				SDKROOT = iphoneos;
			};
			name = Debug;
		};
		26CD391A24C6CCA700525308 /* Release */ = {
			isa = XCBuildConfiguration;
			buildSettings = {
				ALWAYS_SEARCH_USER_PATHS = NO;
				CLANG_ANALYZER_NONNULL = YES;
				CLANG_ANALYZER_NUMBER_OBJECT_CONVERSION = YES_AGGRESSIVE;
				CLANG_CXX_LANGUAGE_STANDARD = "gnu++14";
				CLANG_CXX_LIBRARY = "libc++";
				CLANG_ENABLE_MODULES = YES;
				CLANG_ENABLE_OBJC_ARC = YES;
				CLANG_ENABLE_OBJC_WEAK = YES;
				CLANG_WARN_BLOCK_CAPTURE_AUTORELEASING = YES;
				CLANG_WARN_BOOL_CONVERSION = YES;
				CLANG_WARN_COMMA = YES;
				CLANG_WARN_CONSTANT_CONVERSION = YES;
				CLANG_WARN_DEPRECATED_OBJC_IMPLEMENTATIONS = YES;
				CLANG_WARN_DIRECT_OBJC_ISA_USAGE = YES_ERROR;
				CLANG_WARN_DOCUMENTATION_COMMENTS = YES;
				CLANG_WARN_EMPTY_BODY = YES;
				CLANG_WARN_ENUM_CONVERSION = YES;
				CLANG_WARN_INFINITE_RECURSION = YES;
				CLANG_WARN_INT_CONVERSION = YES;
				CLANG_WARN_NON_LITERAL_NULL_CONVERSION = YES;
				CLANG_WARN_OBJC_IMPLICIT_RETAIN_SELF = YES;
				CLANG_WARN_OBJC_LITERAL_CONVERSION = YES;
				CLANG_WARN_OBJC_ROOT_CLASS = YES_ERROR;
				CLANG_WARN_RANGE_LOOP_ANALYSIS = YES;
				CLANG_WARN_STRICT_PROTOTYPES = YES;
				CLANG_WARN_SUSPICIOUS_MOVE = YES;
				CLANG_WARN_UNGUARDED_AVAILABILITY = YES_AGGRESSIVE;
				CLANG_WARN_UNREACHABLE_CODE = YES;
				CLANG_WARN__DUPLICATE_METHOD_MATCH = YES;
				COPY_PHASE_STRIP = NO;
				DEBUG_INFORMATION_FORMAT = "dwarf-with-dsym";
				ENABLE_NS_ASSERTIONS = NO;
				ENABLE_STRICT_OBJC_MSGSEND = YES;
				GCC_C_LANGUAGE_STANDARD = gnu11;
				GCC_NO_COMMON_BLOCKS = YES;
				GCC_WARN_64_TO_32_BIT_CONVERSION = YES;
				GCC_WARN_ABOUT_RETURN_TYPE = YES_ERROR;
				GCC_WARN_UNDECLARED_SELECTOR = YES;
				GCC_WARN_UNINITIALIZED_AUTOS = YES_AGGRESSIVE;
				GCC_WARN_UNUSED_FUNCTION = YES;
				GCC_WARN_UNUSED_VARIABLE = YES;
				IPHONEOS_DEPLOYMENT_TARGET = 13.2;
				MTL_ENABLE_DEBUG_INFO = NO;
				MTL_FAST_MATH = YES;
				SDKROOT = iphoneos;
				VALIDATE_PRODUCT = YES;
			};
			name = Release;
		};
		26CD391C24C6CCA700525308 /* Debug */ = {
			isa = XCBuildConfiguration;
			baseConfigurationReference = 66AB92FE89D3820055599D5E /* Pods-MLText.debug.xcconfig */;
			buildSettings = {
				ASSETCATALOG_COMPILER_APPICON_NAME = AppIcon;
				CODE_SIGN_STYLE = Automatic;
				INFOPLIST_FILE = MLText/Info.plist;
				LD_RUNPATH_SEARCH_PATHS = (
					"$(inherited)",
					"@executable_path/Frameworks",
				);
				PRODUCT_BUNDLE_IDENTIFIER = com.aerfa.MLText;
				PRODUCT_NAME = "$(TARGET_NAME)";
				TARGETED_DEVICE_FAMILY = "1,2";
			};
			name = Debug;
		};
		26CD391D24C6CCA700525308 /* Release */ = {
			isa = XCBuildConfiguration;
			baseConfigurationReference = 897E70BDC95EE00E83A1BBF8 /* Pods-MLText.release.xcconfig */;
			buildSettings = {
				ASSETCATALOG_COMPILER_APPICON_NAME = AppIcon;
				CODE_SIGN_STYLE = Automatic;
				INFOPLIST_FILE = MLText/Info.plist;
				LD_RUNPATH_SEARCH_PATHS = (
					"$(inherited)",
					"@executable_path/Frameworks",
				);
				PRODUCT_BUNDLE_IDENTIFIER = com.aerfa.MLText;
				PRODUCT_NAME = "$(TARGET_NAME)";
				TARGETED_DEVICE_FAMILY = "1,2";
			};
			name = Release;
		};
/* End XCBuildConfiguration section */

/* Begin XCConfigurationList section */
		26CD38FD24C6CCA400525308 /* Build configuration list for PBXProject "MLText" */ = {
			isa = XCConfigurationList;
			buildConfigurations = (
				26CD391924C6CCA700525308 /* Debug */,
				26CD391A24C6CCA700525308 /* Release */,
			);
			defaultConfigurationIsVisible = 0;
			defaultConfigurationName = Release;
		};
		26CD391B24C6CCA700525308 /* Build configuration list for PBXNativeTarget "MLText" */ = {
			isa = XCConfigurationList;
			buildConfigurations = (
				26CD391C24C6CCA700525308 /* Debug */,
				26CD391D24C6CCA700525308 /* Release */,
			);
			defaultConfigurationIsVisible = 0;
			defaultConfigurationName = Release;
		};
/* End XCConfigurationList section */
	};
	rootObject = 26CD38FA24C6CCA400525308 /* Project object */;
}
